
Microsoft Visual Studio Solution File, Format Version 12.00
Project("{2150E333-8FDC-42A3-9474-1A3956D46DE8}") = "Domain", "Domain", "{3C199C47-DE7B-435B-98C4-686DF0977B5D}"
EndProject
Project("{FAE04EC0-301F-11D3-BF4B-00C04F79EFBC}") = "EduSync.Speech.Domain", "EduSync.Speech.Domain\EduSync.Speech.Domain.csproj", "{4B819E3B-1619-454E-A467-C417BEF69921}"
EndProject
Project("{2150E333-8FDC-42A3-9474-1A3956D46DE8}") = "Application", "Application", "{D63D089A-AB68-433A-A906-DA0C795246C0}"
EndProject
Project("{2150E333-8FDC-42A3-9474-1A3956D46DE8}") = "Presentation", "Presentation", "{E05B4853-85EC-4614-9B9C-E8D95D24D222}"
EndProject
Project("{2150E333-8FDC-42A3-9474-1A3956D46DE8}") = "Infrastructure", "Infrastructure", "{512EADB7-D9D3-4D6C-9575-3869804AA75A}"
EndProject
Project("{2150E333-8FDC-42A3-9474-1A3956D46DE8}") = "Data", "Data", "{F57A659B-25DA-4E4F-A851-937FFDE2C086}"
EndProject
Project("{FAE04EC0-301F-11D3-BF4B-00C04F79EFBC}") = "EduSync.Speech.Domain.UnitTest", "EduSync.Speech.Domain.UnitTest\EduSync.Speech.Domain.UnitTest.csproj", "{4EEA4704-82CE-478D-A3D6-78B1D5EBE6D8}"
EndProject
Project("{FAE04EC0-301F-11D3-BF4B-00C04F79EFBC}") = "EduSync.Speech.Application", "EduSync.Speech.Application\EduSync.Speech.Application.csproj", "{9BE68A8D-72E7-41D9-B227-BD7C8EB358C0}"
EndProject
Project("{FAE04EC0-301F-11D3-BF4B-00C04F79EFBC}") = "EduSync.Speech.Application.UnitTest", "EduSync.Speech.Application.UnitTest\EduSync.Speech.Application.UnitTest.csproj", "{C7D4DE11-CD36-483D-B961-2BA6AF825F21}"
EndProject
Project("{FAE04EC0-301F-11D3-BF4B-00C04F79EFBC}") = "EduSync.Speech.Presentation", "EduSync.Speech.Presentation\EduSync.Speech.Presentation.csproj", "{B98762D3-0040-4D4F-8F8B-47B48CA1D051}"
EndProject
Project("{FAE04EC0-301F-11D3-BF4B-00C04F79EFBC}") = "EduSync.Speech.Presentation.UnitTest", "EduSync.Speech.Presentation.UnitTest\EduSync.Speech.Presentation.UnitTest.csproj", "{9BA40F4A-0CD5-4EB0-B71F-FB2CEFE81126}"
EndProject
Project("{FAE04EC0-301F-11D3-BF4B-00C04F79EFBC}") = "EduSync.Speech.Infrastructure.UnitTest", "EduSync.Speech.Infrastructure.UnitTest\EduSync.Speech.Infrastructure.UnitTest.csproj", "{1595FD21-56C6-42BB-9E5C-6CCD5CF723A4}"
EndProject
Project("{FAE04EC0-301F-11D3-BF4B-00C04F79EFBC}") = "EduSync.Speech.Infrastructure", "EduSync.Speech.Infrastructure\EduSync.Speech.Infrastructure.csproj", "{82083C62-B211-4FD1-9A08-296D6F497BC3}"
EndProject
Global
	GlobalSection(SolutionConfigurationPlatforms) = preSolution
		Debug|Any CPU = Debug|Any CPU
		Release|Any CPU = Release|Any CPU
	EndGlobalSection
	GlobalSection(NestedProjects) = preSolution
		{4B819E3B-1619-454E-A467-C417BEF69921} = {3C199C47-DE7B-435B-98C4-686DF0977B5D}
		{4EEA4704-82CE-478D-A3D6-78B1D5EBE6D8} = {3C199C47-DE7B-435B-98C4-686DF0977B5D}
		{9BE68A8D-72E7-41D9-B227-BD7C8EB358C0} = {D63D089A-AB68-433A-A906-DA0C795246C0}
		{C7D4DE11-CD36-483D-B961-2BA6AF825F21} = {D63D089A-AB68-433A-A906-DA0C795246C0}
		{B98762D3-0040-4D4F-8F8B-47B48CA1D051} = {E05B4853-85EC-4614-9B9C-E8D95D24D222}
		{9BA40F4A-0CD5-4EB0-B71F-FB2CEFE81126} = {E05B4853-85EC-4614-9B9C-E8D95D24D222}
		{1595FD21-56C6-42BB-9E5C-6CCD5CF723A4} = {512EADB7-D9D3-4D6C-9575-3869804AA75A}
		{82083C62-B211-4FD1-9A08-296D6F497BC3} = {512EADB7-D9D3-4D6C-9575-3869804AA75A}
	EndGlobalSection
	GlobalSection(ProjectConfigurationPlatforms) = postSolution
		{4B819E3B-1619-454E-A467-C417BEF69921}.Debug|Any CPU.ActiveCfg = Debug|Any CPU
		{4B819E3B-1619-454E-A467-C417BEF69921}.Debug|Any CPU.Build.0 = Debug|Any CPU
		{4B819E3B-1619-454E-A467-C417BEF69921}.Release|Any CPU.ActiveCfg = Release|Any CPU
		{4B819E3B-1619-454E-A467-C417BEF69921}.Release|Any CPU.Build.0 = Release|Any CPU
		{4EEA4704-82CE-478D-A3D6-78B1D5EBE6D8}.Debug|Any CPU.ActiveCfg = Debug|Any CPU
		{4EEA4704-82CE-478D-A3D6-78B1D5EBE6D8}.Debug|Any CPU.Build.0 = Debug|Any CPU
		{4EEA4704-82CE-478D-A3D6-78B1D5EBE6D8}.Release|Any CPU.ActiveCfg = Release|Any CPU
		{4EEA4704-82CE-478D-A3D6-78B1D5EBE6D8}.Release|Any CPU.Build.0 = Release|Any CPU
		{9BE68A8D-72E7-41D9-B227-BD7C8EB358C0}.Debug|Any CPU.ActiveCfg = Debug|Any CPU
		{9BE68A8D-72E7-41D9-B227-BD7C8EB358C0}.Debug|Any CPU.Build.0 = Debug|Any CPU
		{9BE68A8D-72E7-41D9-B227-BD7C8EB358C0}.Release|Any CPU.ActiveCfg = Release|Any CPU
		{9BE68A8D-72E7-41D9-B227-BD7C8EB358C0}.Release|Any CPU.Build.0 = Release|Any CPU
		{C7D4DE11-CD36-483D-B961-2BA6AF825F21}.Debug|Any CPU.ActiveCfg = Debug|Any CPU
		{C7D4DE11-CD36-483D-B961-2BA6AF825F21}.Debug|Any CPU.Build.0 = Debug|Any CPU
		{C7D4DE11-CD36-483D-B961-2BA6AF825F21}.Release|Any CPU.ActiveCfg = Release|Any CPU
		{C7D4DE11-CD36-483D-B961-2BA6AF825F21}.Release|Any CPU.Build.0 = Release|Any CPU
		{B98762D3-0040-4D4F-8F8B-47B48CA1D051}.Debug|Any CPU.ActiveCfg = Debug|Any CPU
		{B98762D3-0040-4D4F-8F8B-47B48CA1D051}.Debug|Any CPU.Build.0 = Debug|Any CPU
		{B98762D3-0040-4D4F-8F8B-47B48CA1D051}.Release|Any CPU.ActiveCfg = Release|Any CPU
		{B98762D3-0040-4D4F-8F8B-47B48CA1D051}.Release|Any CPU.Build.0 = Release|Any CPU
		{9BA40F4A-0CD5-4EB0-B71F-FB2CEFE81126}.Debug|Any CPU.ActiveCfg = Debug|Any CPU
		{9BA40F4A-0CD5-4EB0-B71F-FB2CEFE81126}.Debug|Any CPU.Build.0 = Debug|Any CPU
		{9BA40F4A-0CD5-4EB0-B71F-FB2CEFE81126}.Release|Any CPU.ActiveCfg = Release|Any CPU
		{9BA40F4A-0CD5-4EB0-B71F-FB2CEFE81126}.Release|Any CPU.Build.0 = Release|Any CPU
		{1595FD21-56C6-42BB-9E5C-6CCD5CF723A4}.Debug|Any CPU.ActiveCfg = Debug|Any CPU
		{1595FD21-56C6-42BB-9E5C-6CCD5CF723A4}.Debug|Any CPU.Build.0 = Debug|Any CPU
		{1595FD21-56C6-42BB-9E5C-6CCD5CF723A4}.Release|Any CPU.ActiveCfg = Release|Any CPU
		{1595FD21-56C6-42BB-9E5C-6CCD5CF723A4}.Release|Any CPU.Build.0 = Release|Any CPU
		{82083C62-B211-4FD1-9A08-296D6F497BC3}.Debug|Any CPU.ActiveCfg = Debug|Any CPU
		{82083C62-B211-4FD1-9A08-296D6F497BC3}.Debug|Any CPU.Build.0 = Debug|Any CPU
		{82083C62-B211-4FD1-9A08-296D6F497BC3}.Release|Any CPU.ActiveCfg = Release|Any CPU
		{82083C62-B211-4FD1-9A08-296D6F497BC3}.Release|Any CPU.Build.0 = Release|Any CPU
	EndGlobalSection
EndGlobal
